
Microsoft Visual Studio Solution File, Format Version 12.00
# Visual Studio Version 17
VisualStudioVersion = 17.0.32014.148
MinimumVisualStudioVersion = 10.0.40219.1
Project("{FAE04EC0-301F-11D3-BF4B-00C04F79EFBC}") = "Vigenere", "Vigenere.csproj", "{90F4E3F8-0D56-4125-992C-2C9AB41DF9C3}"
EndProject
Project("{FAE04EC0-301F-11D3-BF4B-00C04F79EFBC}") = "WindowsFormsApp1", "..\WindowsFormsApp1\WindowsFormsApp1.csproj", "{210A55CB-F50A-4D05-939C-97ECC3AF1DB4}"
EndProject
Global
	GlobalSection(SolutionConfigurationPlatforms) = preSolution
		Debug|Any CPU = Debug|Any CPU
		Release|Any CPU = Release|Any CPU
	EndGlobalSection
	GlobalSection(ProjectConfigurationPlatforms) = postSolution
		{90F4E3F8-0D56-4125-992C-2C9AB41DF9C3}.Debug|Any CPU.ActiveCfg = Debug|Any CPU
		{90F4E3F8-0D56-4125-992C-2C9AB41DF9C3}.Debug|Any CPU.Build.0 = Debug|Any CPU
		{90F4E3F8-0D56-4125-992C-2C9AB41DF9C3}.Release|Any CPU.ActiveCfg = Release|Any CPU
		{90F4E3F8-0D56-4125-992C-2C9AB41DF9C3}.Release|Any CPU.Build.0 = Release|Any CPU
		{210A55CB-F50A-4D05-939C-97ECC3AF1DB4}.Debug|Any CPU.ActiveCfg = Debug|Any CPU
		{210A55CB-F50A-4D05-939C-97ECC3AF1DB4}.Debug|Any CPU.Build.0 = Debug|Any CPU
		{210A55CB-F50A-4D05-939C-97ECC3AF1DB4}.Release|Any CPU.ActiveCfg = Release|Any CPU
		{210A55CB-F50A-4D05-939C-97ECC3AF1DB4}.Release|Any CPU.Build.0 = Release|Any CPU
	EndGlobalSection
	GlobalSection(SolutionProperties) = preSolution
		HideSolutionNode = FALSE
	EndGlobalSection
	GlobalSection(ExtensibilityGlobals) = postSolution
		SolutionGuid = {0813E7F9-C3D2-4587-A97D-32686829B4DF}
	EndGlobalSection
EndGlobal
